
Microsoft Visual Studio Solution File, Format Version 12.00
# Visual Studio Version 16
VisualStudioVersion = 16.0.30503.244
MinimumVisualStudioVersion = 10.0.40219.1
Project("{9A19103F-16F7-4668-BE54-9A1E7A4F7556}") = "Formulario Basico", "Formulario Basico.csproj", "{907FD89E-0C07-4F61-AC9A-845A8BCDE88A}"
EndProject
Global
	GlobalSection(SolutionConfigurationPlatforms) = preSolution
		Debug|Any CPU = Debug|Any CPU
		Release|Any CPU = Release|Any CPU
	EndGlobalSection
	GlobalSection(ProjectConfigurationPlatforms) = postSolution
		{907FD89E-0C07-4F61-AC9A-845A8BCDE88A}.Debug|Any CPU.ActiveCfg = Debug|Any CPU
		{907FD89E-0C07-4F61-AC9A-845A8BCDE88A}.Debug|Any CPU.Build.0 = Debug|Any CPU
		{907FD89E-0C07-4F61-AC9A-845A8BCDE88A}.Release|Any CPU.ActiveCfg = Release|Any CPU
		{907FD89E-0C07-4F61-AC9A-845A8BCDE88A}.Release|Any CPU.Build.0 = Release|Any CPU
	EndGlobalSection
	GlobalSection(SolutionProperties) = preSolution
		HideSolutionNode = FALSE
	EndGlobalSection
	GlobalSection(ExtensibilityGlobals) = postSolution
		SolutionGuid = {B5C275AB-17E2-4A8B-A4B4-8123FB0A55E8}
	EndGlobalSection
EndGlobal
